
Microsoft Visual Studio Solution File, Format Version 12.00
# Visual Studio Version 16
VisualStudioVersion = 16.0.29123.88
MinimumVisualStudioVersion = 10.0.40219.1
Project("{2150E333-8FDC-42A3-9474-1A3956D46DE8}") = "src", "src", "{66FB8555-A986-490B-8C04-A66152D1886E}"
EndProject
Project("{2150E333-8FDC-42A3-9474-1A3956D46DE8}") = "services", "services", "{03009F80-BE3C-4842-B890-48F345FD6124}"
EndProject
Project("{2150E333-8FDC-42A3-9474-1A3956D46DE8}") = "core", "core", "{F606551F-01EA-4508-B1D8-349A483F6AB1}"
EndProject
Project("{9A19103F-16F7-4668-BE54-9A1E7A4F7556}") = "Hris.Common", "Hris.Common\Hris.Common.csproj", "{6C922A1F-B89C-41B6-9DB8-259A232E4164}"
EndProject
Project("{2150E333-8FDC-42A3-9474-1A3956D46DE8}") = "Identity", "Identity", "{6C0A0AF8-7516-44C4-AC4E-EF4DF5DBAF2E}"
EndProject
Project("{9A19103F-16F7-4668-BE54-9A1E7A4F7556}") = "Hris.Identity.WebApi", "Hris.Identity.WebApi\Hris.Identity.WebApi.csproj", "{544C8DF1-4956-47CE-BC36-B07FA67BA725}"
EndProject
Project("{2150E333-8FDC-42A3-9474-1A3956D46DE8}") = "Geteway", "Geteway", "{F13A3D11-C231-4272-ADF5-4673A2240DB5}"
EndProject
Project("{9A19103F-16F7-4668-BE54-9A1E7A4F7556}") = "Hris.Gateway.WebApi", "Hris.Gateway.WebApi\Hris.Gateway.WebApi.csproj", "{DF9A3D3C-EC11-420B-96AD-56EEF8E739B2}"
EndProject
Project("{2150E333-8FDC-42A3-9474-1A3956D46DE8}") = "Organization", "Organization", "{10E48E41-D841-425C-87CC-A3A08ADA8746}"
EndProject
Project("{2150E333-8FDC-42A3-9474-1A3956D46DE8}") = "infrastructure", "infrastructure", "{B3F18CB7-8447-4ED0-B2C4-569A75C3D534}"
EndProject
Project("{2150E333-8FDC-42A3-9474-1A3956D46DE8}") = "databases", "databases", "{3E22D1B7-6795-4EE3-A9A8-53BAD03EA020}"
EndProject
Project("{9A19103F-16F7-4668-BE54-9A1E7A4F7556}") = "Hris.Infrastructure.Database", "Hris.Infrastructure.Database\Hris.Infrastructure.Database.csproj", "{3244A40B-5D44-42A2-964B-45B011492077}"
EndProject
Project("{9A19103F-16F7-4668-BE54-9A1E7A4F7556}") = "Hris.Organization.WebApi", "Hris.Organization.WebApi\Hris.Organization.WebApi.csproj", "{FE128E98-5ACD-4270-9ECA-438615E64017}"
EndProject
Project("{E53339B2-1760-4266-BCC7-CA923CBCF16C}") = "docker-compose", "docker-compose.dcproj", "{8AA91C72-E06B-4CB1-A256-BD5A0B422AC5}"
EndProject
Project("{2150E333-8FDC-42A3-9474-1A3956D46DE8}") = "presentation", "presentation", "{07614C77-4B3A-4FC5-ACC0-95DC22EFBD7D}"
EndProject
Project("{FAE04EC0-301F-11D3-BF4B-00C04F79EFBC}") = "Hris.WebApplication", "Hris.WebApplication\Hris.WebApplication.csproj", "{1862B006-7732-45E1-A474-0FD6CD9D4541}"
EndProject
Global
	GlobalSection(SolutionConfigurationPlatforms) = preSolution
		Debug|Any CPU = Debug|Any CPU
		Release|Any CPU = Release|Any CPU
	EndGlobalSection
	GlobalSection(ProjectConfigurationPlatforms) = postSolution
		{6C922A1F-B89C-41B6-9DB8-259A232E4164}.Debug|Any CPU.ActiveCfg = Debug|Any CPU
		{6C922A1F-B89C-41B6-9DB8-259A232E4164}.Debug|Any CPU.Build.0 = Debug|Any CPU
		{6C922A1F-B89C-41B6-9DB8-259A232E4164}.Release|Any CPU.ActiveCfg = Release|Any CPU
		{6C922A1F-B89C-41B6-9DB8-259A232E4164}.Release|Any CPU.Build.0 = Release|Any CPU
		{544C8DF1-4956-47CE-BC36-B07FA67BA725}.Debug|Any CPU.ActiveCfg = Debug|Any CPU
		{544C8DF1-4956-47CE-BC36-B07FA67BA725}.Debug|Any CPU.Build.0 = Debug|Any CPU
		{544C8DF1-4956-47CE-BC36-B07FA67BA725}.Release|Any CPU.ActiveCfg = Release|Any CPU
		{544C8DF1-4956-47CE-BC36-B07FA67BA725}.Release|Any CPU.Build.0 = Release|Any CPU
		{DF9A3D3C-EC11-420B-96AD-56EEF8E739B2}.Debug|Any CPU.ActiveCfg = Debug|Any CPU
		{DF9A3D3C-EC11-420B-96AD-56EEF8E739B2}.Debug|Any CPU.Build.0 = Debug|Any CPU
		{DF9A3D3C-EC11-420B-96AD-56EEF8E739B2}.Release|Any CPU.ActiveCfg = Release|Any CPU
		{DF9A3D3C-EC11-420B-96AD-56EEF8E739B2}.Release|Any CPU.Build.0 = Release|Any CPU
		{3244A40B-5D44-42A2-964B-45B011492077}.Debug|Any CPU.ActiveCfg = Debug|Any CPU
		{3244A40B-5D44-42A2-964B-45B011492077}.Debug|Any CPU.Build.0 = Debug|Any CPU
		{3244A40B-5D44-42A2-964B-45B011492077}.Release|Any CPU.ActiveCfg = Release|Any CPU
		{3244A40B-5D44-42A2-964B-45B011492077}.Release|Any CPU.Build.0 = Release|Any CPU
		{FE128E98-5ACD-4270-9ECA-438615E64017}.Debug|Any CPU.ActiveCfg = Debug|Any CPU
		{FE128E98-5ACD-4270-9ECA-438615E64017}.Debug|Any CPU.Build.0 = Debug|Any CPU
		{FE128E98-5ACD-4270-9ECA-438615E64017}.Release|Any CPU.ActiveCfg = Release|Any CPU
		{FE128E98-5ACD-4270-9ECA-438615E64017}.Release|Any CPU.Build.0 = Release|Any CPU
		{8AA91C72-E06B-4CB1-A256-BD5A0B422AC5}.Debug|Any CPU.ActiveCfg = Debug|Any CPU
		{8AA91C72-E06B-4CB1-A256-BD5A0B422AC5}.Debug|Any CPU.Build.0 = Debug|Any CPU
		{8AA91C72-E06B-4CB1-A256-BD5A0B422AC5}.Release|Any CPU.ActiveCfg = Release|Any CPU
		{8AA91C72-E06B-4CB1-A256-BD5A0B422AC5}.Release|Any CPU.Build.0 = Release|Any CPU
		{1862B006-7732-45E1-A474-0FD6CD9D4541}.Debug|Any CPU.ActiveCfg = Debug|Any CPU
		{1862B006-7732-45E1-A474-0FD6CD9D4541}.Debug|Any CPU.Build.0 = Debug|Any CPU
		{1862B006-7732-45E1-A474-0FD6CD9D4541}.Release|Any CPU.ActiveCfg = Release|Any CPU
		{1862B006-7732-45E1-A474-0FD6CD9D4541}.Release|Any CPU.Build.0 = Release|Any CPU
	EndGlobalSection
	GlobalSection(SolutionProperties) = preSolution
		HideSolutionNode = FALSE
	EndGlobalSection
	GlobalSection(NestedProjects) = preSolution
		{03009F80-BE3C-4842-B890-48F345FD6124} = {66FB8555-A986-490B-8C04-A66152D1886E}
		{F606551F-01EA-4508-B1D8-349A483F6AB1} = {66FB8555-A986-490B-8C04-A66152D1886E}
		{6C922A1F-B89C-41B6-9DB8-259A232E4164} = {F606551F-01EA-4508-B1D8-349A483F6AB1}
		{6C0A0AF8-7516-44C4-AC4E-EF4DF5DBAF2E} = {03009F80-BE3C-4842-B890-48F345FD6124}
		{544C8DF1-4956-47CE-BC36-B07FA67BA725} = {6C0A0AF8-7516-44C4-AC4E-EF4DF5DBAF2E}
		{F13A3D11-C231-4272-ADF5-4673A2240DB5} = {03009F80-BE3C-4842-B890-48F345FD6124}
		{DF9A3D3C-EC11-420B-96AD-56EEF8E739B2} = {F13A3D11-C231-4272-ADF5-4673A2240DB5}
		{10E48E41-D841-425C-87CC-A3A08ADA8746} = {03009F80-BE3C-4842-B890-48F345FD6124}
		{B3F18CB7-8447-4ED0-B2C4-569A75C3D534} = {66FB8555-A986-490B-8C04-A66152D1886E}
		{3E22D1B7-6795-4EE3-A9A8-53BAD03EA020} = {B3F18CB7-8447-4ED0-B2C4-569A75C3D534}
		{3244A40B-5D44-42A2-964B-45B011492077} = {3E22D1B7-6795-4EE3-A9A8-53BAD03EA020}
		{FE128E98-5ACD-4270-9ECA-438615E64017} = {10E48E41-D841-425C-87CC-A3A08ADA8746}
		{07614C77-4B3A-4FC5-ACC0-95DC22EFBD7D} = {66FB8555-A986-490B-8C04-A66152D1886E}
		{1862B006-7732-45E1-A474-0FD6CD9D4541} = {07614C77-4B3A-4FC5-ACC0-95DC22EFBD7D}
	EndGlobalSection
	GlobalSection(ExtensibilityGlobals) = postSolution
		SolutionGuid = {51F6A124-68CE-479E-9C2E-4B503C62B3F0}
	EndGlobalSection
EndGlobal
