
Microsoft Visual Studio Solution File, Format Version 12.00
# Visual Studio Version 16
VisualStudioVersion = 16.0.29123.88
MinimumVisualStudioVersion = 10.0.40219.1
Project("{2150E333-8FDC-42A3-9474-1A3956D46DE8}") = "src", "src", "{66FB8555-A986-490B-8C04-A66152D1886E}"
EndProject
Project("{2150E333-8FDC-42A3-9474-1A3956D46DE8}") = "services", "services", "{03009F80-BE3C-4842-B890-48F345FD6124}"
EndProject
Project("{2150E333-8FDC-42A3-9474-1A3956D46DE8}") = "core", "core", "{F606551F-01EA-4508-B1D8-349A483F6AB1}"
EndProject
Project("{9A19103F-16F7-4668-BE54-9A1E7A4F7556}") = "Hris.Common", "Hris.Common\Hris.Common.csproj", "{6C922A1F-B89C-41B6-9DB8-259A232E4164}"
EndProject
Project("{2150E333-8FDC-42A3-9474-1A3956D46DE8}") = "infrastructure", "infrastructure", "{B3F18CB7-8447-4ED0-B2C4-569A75C3D534}"
EndProject
Project("{2150E333-8FDC-42A3-9474-1A3956D46DE8}") = "databases", "databases", "{3E22D1B7-6795-4EE3-A9A8-53BAD03EA020}"
EndProject
Project("{9A19103F-16F7-4668-BE54-9A1E7A4F7556}") = "Hris.Infrastructure.Database", "Hris.Infrastructure.Database\Hris.Infrastructure.Database.csproj", "{3244A40B-5D44-42A2-964B-45B011492077}"
EndProject
Project("{2150E333-8FDC-42A3-9474-1A3956D46DE8}") = "presentation", "presentation", "{07614C77-4B3A-4FC5-ACC0-95DC22EFBD7D}"
EndProject
Project("{9A19103F-16F7-4668-BE54-9A1E7A4F7556}") = "Hris.WebApplication", "Hris.WebApplication\Hris.WebApplication.csproj", "{1862B006-7732-45E1-A474-0FD6CD9D4541}"
EndProject
Project("{9A19103F-16F7-4668-BE54-9A1E7A4F7556}") = "Hris.Gateway.WebApi", "Hris.Gateway.WebApi\Hris.Gateway.WebApi.csproj", "{BEC372D0-3163-49F8-BEBC-0E0A19160E41}"
EndProject
Project("{9A19103F-16F7-4668-BE54-9A1E7A4F7556}") = "Hris.Organization.WebApi", "Hris.Organization.WebApi\Hris.Organization.WebApi.csproj", "{6A578AF0-CDC3-4C0D-B91A-CB909D8F4F43}"
EndProject
Project("{9A19103F-16F7-4668-BE54-9A1E7A4F7556}") = "Hris.Identity.WebApi", "Hris.Identity.WebApi\Hris.Identity.WebApi.csproj", "{16C29277-CEEE-4C48-B058-7CFD244D273F}"
EndProject
Project("{9A19103F-16F7-4668-BE54-9A1E7A4F7556}") = "Hris.Attendance.WebApi", "Hris.Attendance.WebApi\Hris.Attendance.WebApi.csproj", "{B6FA8A46-6140-49D7-8E2D-83949B3139D4}"
EndProject
Project("{9A19103F-16F7-4668-BE54-9A1E7A4F7556}") = "Hris.Leaving.WebApi", "Hris.Leaving.WebApi\Hris.Leaving.WebApi.csproj", "{60F3C176-7BA9-447C-9403-58F049F9A319}"
EndProject
Project("{9A19103F-16F7-4668-BE54-9A1E7A4F7556}") = "Hris.Payroll.WebApi", "Hris.Payroll.WebApi\Hris.Payroll.WebApi.csproj", "{AC39227B-62C1-4682-AF94-FB42896F6F7B}"
EndProject
Project("{9A19103F-16F7-4668-BE54-9A1E7A4F7556}") = "Hris.Travelling.WebApi", "Hris.Travelling.WebApi\Hris.Travelling.WebApi.csproj", "{66A5AD14-3806-4B52-AF37-7EA44ACC4E23}"
EndProject
Project("{9A19103F-16F7-4668-BE54-9A1E7A4F7556}") = "Hris.Training.WebApi", "Hris.Training.WebApi\Hris.Training.WebApi.csproj", "{485F5E05-C01B-47B3-8DC3-FDA91FF16BCA}"
EndProject
Project("{9A19103F-16F7-4668-BE54-9A1E7A4F7556}") = "Hris.Recruitment.WebApi", "Hris.Recruitment.WebApi\Hris.Recruitment.WebApi.csproj", "{16C281E1-B380-4B5D-8993-1BAA67BA1979}"
EndProject
Project("{9A19103F-16F7-4668-BE54-9A1E7A4F7556}") = "Hris.PerformanceAppraisals.WebApi", "Hris.PerformanceAppraisals.WebApi\Hris.PerformanceAppraisals.WebApi.csproj", "{A33829EF-DC07-40B2-BFDA-DFB44DE332DF}"
EndProject
Project("{9A19103F-16F7-4668-BE54-9A1E7A4F7556}") = "Hris.Administration.WebApi", "Hris.Administration.WebApi\Hris.Administration.WebApi.csproj", "{51AD854F-4909-495E-959C-0BD30647428C}"
EndProject
Project("{9A19103F-16F7-4668-BE54-9A1E7A4F7556}") = "Hris.Medical.WebApi", "Hris.Medical.WebApi\Hris.Medical.WebApi.csproj", "{E3F4FD84-F0F5-440F-A08E-7746F12CDA01}"
EndProject
Project("{2150E333-8FDC-42A3-9474-1A3956D46DE8}") = "application", "application", "{2C1A5AE6-AE59-4DB8-88EA-10685668CF44}"
EndProject
Project("{2150E333-8FDC-42A3-9474-1A3956D46DE8}") = "framework", "framework", "{9A0F610F-1A18-4493-8AD9-564266FBF08F}"
EndProject
Project("{9A19103F-16F7-4668-BE54-9A1E7A4F7556}") = "Hris.Application.Services", "Hris.Application.Services\Hris.Application.Services.csproj", "{8A821A18-A5E9-4137-9859-E7F75009B6C0}"
EndProject
Project("{2150E333-8FDC-42A3-9474-1A3956D46DE8}") = "gateway", "gateway", "{C8046B5D-B00B-4946-BD3F-90E3C02B5529}"
EndProject
Project("{2150E333-8FDC-42A3-9474-1A3956D46DE8}") = "auth", "auth", "{2127CF93-84D5-4451-B7A9-DD58DA07F3DA}"
EndProject
Project("{2150E333-8FDC-42A3-9474-1A3956D46DE8}") = "securities", "securities", "{324FF358-893E-4566-98E0-8E8A52B4E1D6}"
EndProject
Project("{9A19103F-16F7-4668-BE54-9A1E7A4F7556}") = "Hris.Master.WebApi", "Hris.Master.WebApi\Hris.Master.WebApi.csproj", "{3C2FC99E-464B-4684-91FB-1437B21B53CF}"
EndProject
Project("{2150E333-8FDC-42A3-9474-1A3956D46DE8}") = "domain", "domain", "{06EC819D-C876-43FD-9B8C-9B0A42E66E2A}"
EndProject
Project("{9A19103F-16F7-4668-BE54-9A1E7A4F7556}") = "Hris.Domain", "Hris.Domain\Hris.Domain.csproj", "{3F664129-04B3-42AB-B310-DF12B48C614C}"
EndProject
Project("{2150E333-8FDC-42A3-9474-1A3956D46DE8}") = "crossCutting", "crossCutting", "{3931F6A1-5B90-4A64-BE1C-2874CB568598}"
EndProject
Project("{FAE04EC0-301F-11D3-BF4B-00C04F79EFBC}") = "Hris.Infrastructure.CrossCutting", "Hris.Infrastructure.CrossCutting\Hris.Infrastructure.CrossCutting.csproj", "{03AEF9AD-2A56-4702-AEAB-B2BB93533C00}"
EndProject
Project("{2150E333-8FDC-42A3-9474-1A3956D46DE8}") = "docker", "docker", "{47FC48FE-86B3-41AA-992B-2B87603B94F7}"
	ProjectSection(SolutionItems) = preProject
		docker-compose.yml = docker-compose.yml
	EndProjectSection
EndProject
Global
	GlobalSection(SolutionConfigurationPlatforms) = preSolution
		Debug|Any CPU = Debug|Any CPU
		Release|Any CPU = Release|Any CPU
	EndGlobalSection
	GlobalSection(ProjectConfigurationPlatforms) = postSolution
		{6C922A1F-B89C-41B6-9DB8-259A232E4164}.Debug|Any CPU.ActiveCfg = Debug|Any CPU
		{6C922A1F-B89C-41B6-9DB8-259A232E4164}.Debug|Any CPU.Build.0 = Debug|Any CPU
		{6C922A1F-B89C-41B6-9DB8-259A232E4164}.Release|Any CPU.ActiveCfg = Release|Any CPU
		{6C922A1F-B89C-41B6-9DB8-259A232E4164}.Release|Any CPU.Build.0 = Release|Any CPU
		{3244A40B-5D44-42A2-964B-45B011492077}.Debug|Any CPU.ActiveCfg = Debug|Any CPU
		{3244A40B-5D44-42A2-964B-45B011492077}.Debug|Any CPU.Build.0 = Debug|Any CPU
		{3244A40B-5D44-42A2-964B-45B011492077}.Release|Any CPU.ActiveCfg = Release|Any CPU
		{3244A40B-5D44-42A2-964B-45B011492077}.Release|Any CPU.Build.0 = Release|Any CPU
		{1862B006-7732-45E1-A474-0FD6CD9D4541}.Debug|Any CPU.ActiveCfg = Debug|Any CPU
		{1862B006-7732-45E1-A474-0FD6CD9D4541}.Debug|Any CPU.Build.0 = Debug|Any CPU
		{1862B006-7732-45E1-A474-0FD6CD9D4541}.Release|Any CPU.ActiveCfg = Release|Any CPU
		{1862B006-7732-45E1-A474-0FD6CD9D4541}.Release|Any CPU.Build.0 = Release|Any CPU
		{BEC372D0-3163-49F8-BEBC-0E0A19160E41}.Debug|Any CPU.ActiveCfg = Debug|Any CPU
		{BEC372D0-3163-49F8-BEBC-0E0A19160E41}.Debug|Any CPU.Build.0 = Debug|Any CPU
		{BEC372D0-3163-49F8-BEBC-0E0A19160E41}.Release|Any CPU.ActiveCfg = Release|Any CPU
		{BEC372D0-3163-49F8-BEBC-0E0A19160E41}.Release|Any CPU.Build.0 = Release|Any CPU
		{6A578AF0-CDC3-4C0D-B91A-CB909D8F4F43}.Debug|Any CPU.ActiveCfg = Debug|Any CPU
		{6A578AF0-CDC3-4C0D-B91A-CB909D8F4F43}.Debug|Any CPU.Build.0 = Debug|Any CPU
		{6A578AF0-CDC3-4C0D-B91A-CB909D8F4F43}.Release|Any CPU.ActiveCfg = Release|Any CPU
		{6A578AF0-CDC3-4C0D-B91A-CB909D8F4F43}.Release|Any CPU.Build.0 = Release|Any CPU
		{16C29277-CEEE-4C48-B058-7CFD244D273F}.Debug|Any CPU.ActiveCfg = Debug|Any CPU
		{16C29277-CEEE-4C48-B058-7CFD244D273F}.Debug|Any CPU.Build.0 = Debug|Any CPU
		{16C29277-CEEE-4C48-B058-7CFD244D273F}.Release|Any CPU.ActiveCfg = Release|Any CPU
		{16C29277-CEEE-4C48-B058-7CFD244D273F}.Release|Any CPU.Build.0 = Release|Any CPU
		{B6FA8A46-6140-49D7-8E2D-83949B3139D4}.Debug|Any CPU.ActiveCfg = Debug|Any CPU
		{B6FA8A46-6140-49D7-8E2D-83949B3139D4}.Debug|Any CPU.Build.0 = Debug|Any CPU
		{B6FA8A46-6140-49D7-8E2D-83949B3139D4}.Release|Any CPU.ActiveCfg = Release|Any CPU
		{B6FA8A46-6140-49D7-8E2D-83949B3139D4}.Release|Any CPU.Build.0 = Release|Any CPU
		{60F3C176-7BA9-447C-9403-58F049F9A319}.Debug|Any CPU.ActiveCfg = Debug|Any CPU
		{60F3C176-7BA9-447C-9403-58F049F9A319}.Debug|Any CPU.Build.0 = Debug|Any CPU
		{60F3C176-7BA9-447C-9403-58F049F9A319}.Release|Any CPU.ActiveCfg = Release|Any CPU
		{60F3C176-7BA9-447C-9403-58F049F9A319}.Release|Any CPU.Build.0 = Release|Any CPU
		{AC39227B-62C1-4682-AF94-FB42896F6F7B}.Debug|Any CPU.ActiveCfg = Debug|Any CPU
		{AC39227B-62C1-4682-AF94-FB42896F6F7B}.Debug|Any CPU.Build.0 = Debug|Any CPU
		{AC39227B-62C1-4682-AF94-FB42896F6F7B}.Release|Any CPU.ActiveCfg = Release|Any CPU
		{AC39227B-62C1-4682-AF94-FB42896F6F7B}.Release|Any CPU.Build.0 = Release|Any CPU
		{66A5AD14-3806-4B52-AF37-7EA44ACC4E23}.Debug|Any CPU.ActiveCfg = Debug|Any CPU
		{66A5AD14-3806-4B52-AF37-7EA44ACC4E23}.Debug|Any CPU.Build.0 = Debug|Any CPU
		{66A5AD14-3806-4B52-AF37-7EA44ACC4E23}.Release|Any CPU.ActiveCfg = Release|Any CPU
		{66A5AD14-3806-4B52-AF37-7EA44ACC4E23}.Release|Any CPU.Build.0 = Release|Any CPU
		{485F5E05-C01B-47B3-8DC3-FDA91FF16BCA}.Debug|Any CPU.ActiveCfg = Debug|Any CPU
		{485F5E05-C01B-47B3-8DC3-FDA91FF16BCA}.Debug|Any CPU.Build.0 = Debug|Any CPU
		{485F5E05-C01B-47B3-8DC3-FDA91FF16BCA}.Release|Any CPU.ActiveCfg = Release|Any CPU
		{485F5E05-C01B-47B3-8DC3-FDA91FF16BCA}.Release|Any CPU.Build.0 = Release|Any CPU
		{16C281E1-B380-4B5D-8993-1BAA67BA1979}.Debug|Any CPU.ActiveCfg = Debug|Any CPU
		{16C281E1-B380-4B5D-8993-1BAA67BA1979}.Debug|Any CPU.Build.0 = Debug|Any CPU
		{16C281E1-B380-4B5D-8993-1BAA67BA1979}.Release|Any CPU.ActiveCfg = Release|Any CPU
		{16C281E1-B380-4B5D-8993-1BAA67BA1979}.Release|Any CPU.Build.0 = Release|Any CPU
		{A33829EF-DC07-40B2-BFDA-DFB44DE332DF}.Debug|Any CPU.ActiveCfg = Debug|Any CPU
		{A33829EF-DC07-40B2-BFDA-DFB44DE332DF}.Debug|Any CPU.Build.0 = Debug|Any CPU
		{A33829EF-DC07-40B2-BFDA-DFB44DE332DF}.Release|Any CPU.ActiveCfg = Release|Any CPU
		{A33829EF-DC07-40B2-BFDA-DFB44DE332DF}.Release|Any CPU.Build.0 = Release|Any CPU
		{51AD854F-4909-495E-959C-0BD30647428C}.Debug|Any CPU.ActiveCfg = Debug|Any CPU
		{51AD854F-4909-495E-959C-0BD30647428C}.Debug|Any CPU.Build.0 = Debug|Any CPU
		{51AD854F-4909-495E-959C-0BD30647428C}.Release|Any CPU.ActiveCfg = Release|Any CPU
		{51AD854F-4909-495E-959C-0BD30647428C}.Release|Any CPU.Build.0 = Release|Any CPU
		{E3F4FD84-F0F5-440F-A08E-7746F12CDA01}.Debug|Any CPU.ActiveCfg = Debug|Any CPU
		{E3F4FD84-F0F5-440F-A08E-7746F12CDA01}.Debug|Any CPU.Build.0 = Debug|Any CPU
		{E3F4FD84-F0F5-440F-A08E-7746F12CDA01}.Release|Any CPU.ActiveCfg = Release|Any CPU
		{E3F4FD84-F0F5-440F-A08E-7746F12CDA01}.Release|Any CPU.Build.0 = Release|Any CPU
		{8A821A18-A5E9-4137-9859-E7F75009B6C0}.Debug|Any CPU.ActiveCfg = Debug|Any CPU
		{8A821A18-A5E9-4137-9859-E7F75009B6C0}.Debug|Any CPU.Build.0 = Debug|Any CPU
		{8A821A18-A5E9-4137-9859-E7F75009B6C0}.Release|Any CPU.ActiveCfg = Release|Any CPU
		{8A821A18-A5E9-4137-9859-E7F75009B6C0}.Release|Any CPU.Build.0 = Release|Any CPU
		{3C2FC99E-464B-4684-91FB-1437B21B53CF}.Debug|Any CPU.ActiveCfg = Debug|Any CPU
		{3C2FC99E-464B-4684-91FB-1437B21B53CF}.Debug|Any CPU.Build.0 = Debug|Any CPU
		{3C2FC99E-464B-4684-91FB-1437B21B53CF}.Release|Any CPU.ActiveCfg = Release|Any CPU
		{3C2FC99E-464B-4684-91FB-1437B21B53CF}.Release|Any CPU.Build.0 = Release|Any CPU
		{3F664129-04B3-42AB-B310-DF12B48C614C}.Debug|Any CPU.ActiveCfg = Debug|Any CPU
		{3F664129-04B3-42AB-B310-DF12B48C614C}.Debug|Any CPU.Build.0 = Debug|Any CPU
		{3F664129-04B3-42AB-B310-DF12B48C614C}.Release|Any CPU.ActiveCfg = Release|Any CPU
		{3F664129-04B3-42AB-B310-DF12B48C614C}.Release|Any CPU.Build.0 = Release|Any CPU
		{03AEF9AD-2A56-4702-AEAB-B2BB93533C00}.Debug|Any CPU.ActiveCfg = Debug|Any CPU
		{03AEF9AD-2A56-4702-AEAB-B2BB93533C00}.Debug|Any CPU.Build.0 = Debug|Any CPU
		{03AEF9AD-2A56-4702-AEAB-B2BB93533C00}.Release|Any CPU.ActiveCfg = Release|Any CPU
		{03AEF9AD-2A56-4702-AEAB-B2BB93533C00}.Release|Any CPU.Build.0 = Release|Any CPU
	EndGlobalSection
	GlobalSection(SolutionProperties) = preSolution
		HideSolutionNode = FALSE
	EndGlobalSection
	GlobalSection(NestedProjects) = preSolution
		{03009F80-BE3C-4842-B890-48F345FD6124} = {66FB8555-A986-490B-8C04-A66152D1886E}
		{F606551F-01EA-4508-B1D8-349A483F6AB1} = {66FB8555-A986-490B-8C04-A66152D1886E}
		{6C922A1F-B89C-41B6-9DB8-259A232E4164} = {F606551F-01EA-4508-B1D8-349A483F6AB1}
		{B3F18CB7-8447-4ED0-B2C4-569A75C3D534} = {9A0F610F-1A18-4493-8AD9-564266FBF08F}
		{3E22D1B7-6795-4EE3-A9A8-53BAD03EA020} = {B3F18CB7-8447-4ED0-B2C4-569A75C3D534}
		{3244A40B-5D44-42A2-964B-45B011492077} = {3E22D1B7-6795-4EE3-A9A8-53BAD03EA020}
		{07614C77-4B3A-4FC5-ACC0-95DC22EFBD7D} = {9A0F610F-1A18-4493-8AD9-564266FBF08F}
		{1862B006-7732-45E1-A474-0FD6CD9D4541} = {07614C77-4B3A-4FC5-ACC0-95DC22EFBD7D}
		{BEC372D0-3163-49F8-BEBC-0E0A19160E41} = {C8046B5D-B00B-4946-BD3F-90E3C02B5529}
		{6A578AF0-CDC3-4C0D-B91A-CB909D8F4F43} = {03009F80-BE3C-4842-B890-48F345FD6124}
		{16C29277-CEEE-4C48-B058-7CFD244D273F} = {2127CF93-84D5-4451-B7A9-DD58DA07F3DA}
		{B6FA8A46-6140-49D7-8E2D-83949B3139D4} = {03009F80-BE3C-4842-B890-48F345FD6124}
		{60F3C176-7BA9-447C-9403-58F049F9A319} = {03009F80-BE3C-4842-B890-48F345FD6124}
		{AC39227B-62C1-4682-AF94-FB42896F6F7B} = {03009F80-BE3C-4842-B890-48F345FD6124}
		{66A5AD14-3806-4B52-AF37-7EA44ACC4E23} = {03009F80-BE3C-4842-B890-48F345FD6124}
		{485F5E05-C01B-47B3-8DC3-FDA91FF16BCA} = {03009F80-BE3C-4842-B890-48F345FD6124}
		{16C281E1-B380-4B5D-8993-1BAA67BA1979} = {03009F80-BE3C-4842-B890-48F345FD6124}
		{A33829EF-DC07-40B2-BFDA-DFB44DE332DF} = {03009F80-BE3C-4842-B890-48F345FD6124}
		{51AD854F-4909-495E-959C-0BD30647428C} = {03009F80-BE3C-4842-B890-48F345FD6124}
		{E3F4FD84-F0F5-440F-A08E-7746F12CDA01} = {03009F80-BE3C-4842-B890-48F345FD6124}
		{2C1A5AE6-AE59-4DB8-88EA-10685668CF44} = {9A0F610F-1A18-4493-8AD9-564266FBF08F}
		{9A0F610F-1A18-4493-8AD9-564266FBF08F} = {66FB8555-A986-490B-8C04-A66152D1886E}
		{8A821A18-A5E9-4137-9859-E7F75009B6C0} = {2C1A5AE6-AE59-4DB8-88EA-10685668CF44}
		{C8046B5D-B00B-4946-BD3F-90E3C02B5529} = {324FF358-893E-4566-98E0-8E8A52B4E1D6}
		{2127CF93-84D5-4451-B7A9-DD58DA07F3DA} = {324FF358-893E-4566-98E0-8E8A52B4E1D6}
		{324FF358-893E-4566-98E0-8E8A52B4E1D6} = {66FB8555-A986-490B-8C04-A66152D1886E}
		{3C2FC99E-464B-4684-91FB-1437B21B53CF} = {03009F80-BE3C-4842-B890-48F345FD6124}
		{06EC819D-C876-43FD-9B8C-9B0A42E66E2A} = {9A0F610F-1A18-4493-8AD9-564266FBF08F}
		{3F664129-04B3-42AB-B310-DF12B48C614C} = {06EC819D-C876-43FD-9B8C-9B0A42E66E2A}
		{3931F6A1-5B90-4A64-BE1C-2874CB568598} = {B3F18CB7-8447-4ED0-B2C4-569A75C3D534}
		{03AEF9AD-2A56-4702-AEAB-B2BB93533C00} = {3931F6A1-5B90-4A64-BE1C-2874CB568598}
	EndGlobalSection
	GlobalSection(ExtensibilityGlobals) = postSolution
		SolutionGuid = {51F6A124-68CE-479E-9C2E-4B503C62B3F0}
	EndGlobalSection
EndGlobal
